
Microsoft Visual Studio Solution File, Format Version 12.00
# Visual Studio 2015
Project("{FAE04EC0-301F-11D3-BF4B-00C04F79EFBC}") = "UnityVS.Pathfinding.CSharp", "UnityVS.Pathfinding.CSharp.csproj", "{68288BF9-495F-EA4F-8AAA-0D2908D94266}"
EndProject
Global
	GlobalSection(SolutionConfigurationPlatforms) = preSolution
		Debug|Any CPU = Debug|Any CPU
		Release|Any CPU = Release|Any CPU
	EndGlobalSection
	GlobalSection(ProjectConfigurationPlatforms) = postSolution
		{68288BF9-495F-EA4F-8AAA-0D2908D94266}.Debug|Any CPU.ActiveCfg = Debug|Any CPU
		{68288BF9-495F-EA4F-8AAA-0D2908D94266}.Debug|Any CPU.Build.0 = Debug|Any CPU
		{68288BF9-495F-EA4F-8AAA-0D2908D94266}.Release|Any CPU.ActiveCfg = Release|Any CPU
		{68288BF9-495F-EA4F-8AAA-0D2908D94266}.Release|Any CPU.Build.0 = Release|Any CPU
	EndGlobalSection
	GlobalSection(SolutionProperties) = preSolution
		HideSolutionNode = FALSE
	EndGlobalSection
EndGlobal
